{
  "name": "raport_winyl",
  "version": "1.0.0",
  "lockfileVersion": 3,
  "requires": true,
  "packages": {
    "": {
      "name": "raport_winyl",
      "version": "1.0.0",
      "license": "ISC",
      "dependencies": {
        "@types/node": "latest",
        "js-datepicker": "^5.18.2",
        "json-server": "^0.16.3",
        "ts-node": "latest",
        "typescript": "latest"
      }
    }
  }}